
Microsoft Visual Studio Solution File, Format Version 12.00
# Visual Studio Version 17
VisualStudioVersion = 17.0.31903.59
MinimumVisualStudioVersion = 10.0.40219.1
Project("{FAE04EC0-301F-11D3-BF4B-00C04F79EFBC}") = "yamashita_noto_calib", "yamashita_noto_calib\yamashita_noto_calib.csproj", "{7116728B-BE5C-4C57-8DFC-3E11A7DDA237}"
EndProject
Global
	GlobalSection(SolutionConfigurationPlatforms) = preSolution
		Debug|Any CPU = Debug|Any CPU
		Release|Any CPU = Release|Any CPU
	EndGlobalSection
	GlobalSection(ProjectConfigurationPlatforms) = postSolution
		{7116728B-BE5C-4C57-8DFC-3E11A7DDA237}.Debug|Any CPU.ActiveCfg = Debug|Any CPU
		{7116728B-BE5C-4C57-8DFC-3E11A7DDA237}.Debug|Any CPU.Build.0 = Debug|Any CPU
		{7116728B-BE5C-4C57-8DFC-3E11A7DDA237}.Release|Any CPU.ActiveCfg = Release|Any CPU
		{7116728B-BE5C-4C57-8DFC-3E11A7DDA237}.Release|Any CPU.Build.0 = Release|Any CPU
	EndGlobalSection
	GlobalSection(SolutionProperties) = preSolution
		HideSolutionNode = FALSE
	EndGlobalSection
	GlobalSection(ExtensibilityGlobals) = postSolution
		SolutionGuid = {6A075FF6-1A8F-4FF1-8989-F46C6247E795}
	EndGlobalSection
EndGlobal
